
Microsoft Visual Studio Solution File, Format Version 12.00
# Visual Studio Version 17
VisualStudioVersion = 17.9.34723.18
MinimumVisualStudioVersion = 10.0.40219.1
Project("{FAE04EC0-301F-11D3-BF4B-00C04F79EFBC}") = "WebApiDemo1", "WebApiDemo1\WebApiDemo1.csproj", "{23578A7F-CC40-471F-B6A5-E8504DD48F1C}"
EndProject
Global
	GlobalSection(SolutionConfigurationPlatforms) = preSolution
		Debug|Any CPU = Debug|Any CPU
		Release|Any CPU = Release|Any CPU
	EndGlobalSection
	GlobalSection(ProjectConfigurationPlatforms) = postSolution
		{23578A7F-CC40-471F-B6A5-E8504DD48F1C}.Debug|Any CPU.ActiveCfg = Debug|Any CPU
		{23578A7F-CC40-471F-B6A5-E8504DD48F1C}.Debug|Any CPU.Build.0 = Debug|Any CPU
		{23578A7F-CC40-471F-B6A5-E8504DD48F1C}.Release|Any CPU.ActiveCfg = Release|Any CPU
		{23578A7F-CC40-471F-B6A5-E8504DD48F1C}.Release|Any CPU.Build.0 = Release|Any CPU
	EndGlobalSection
	GlobalSection(SolutionProperties) = preSolution
		HideSolutionNode = FALSE
	EndGlobalSection
	GlobalSection(ExtensibilityGlobals) = postSolution
		SolutionGuid = {811FD9BA-259C-4DE1-9488-49738F227CCE}
	EndGlobalSection
EndGlobal
